
Microsoft Visual Studio Solution File, Format Version 12.00
# Visual Studio Version 17
VisualStudioVersion = 17.14.36327.8 d17.14
MinimumVisualStudioVersion = 10.0.40219.1
Project("{FAE04EC0-301F-11D3-BF4B-00C04F79EFBC}") = "CalculadoraForm", "CalculadoraForm\CalculadoraForm.csproj", "{B9F9F490-179A-4B4D-B66C-B5147612DD45}"
EndProject
Global
	GlobalSection(SolutionConfigurationPlatforms) = preSolution
		Debug|Any CPU = Debug|Any CPU
		Release|Any CPU = Release|Any CPU
	EndGlobalSection
	GlobalSection(ProjectConfigurationPlatforms) = postSolution
		{B9F9F490-179A-4B4D-B66C-B5147612DD45}.Debug|Any CPU.ActiveCfg = Debug|Any CPU
		{B9F9F490-179A-4B4D-B66C-B5147612DD45}.Debug|Any CPU.Build.0 = Debug|Any CPU
		{B9F9F490-179A-4B4D-B66C-B5147612DD45}.Release|Any CPU.ActiveCfg = Release|Any CPU
		{B9F9F490-179A-4B4D-B66C-B5147612DD45}.Release|Any CPU.Build.0 = Release|Any CPU
	EndGlobalSection
	GlobalSection(SolutionProperties) = preSolution
		HideSolutionNode = FALSE
	EndGlobalSection
	GlobalSection(ExtensibilityGlobals) = postSolution
		SolutionGuid = {DDDBBCA4-7D39-48F5-9815-0744F5450C50}
	EndGlobalSection
EndGlobal
